# THIS IS AN AUTOGENERATED FILE. DO NOT EDIT THIS FILE DIRECTLY.
# yarn lockfile v1


"@types/fs-extra@~5.0.0":
  version "5.0.0"
  resolved "http://registry.npm.taobao.org/@types/fs-extra/download/@types/fs-extra-5.0.0.tgz#d3e225b35eb5c6d3a5a782c28219df365c781413"
  dependencies:
    "@types/node" "*"

"@types/node@*":
  version "9.4.1"
  resolved "http://registry.npm.taobao.org/@types/node/download/@types/node-9.4.1.tgz#0f636f7837e15d2d73a7f6f3ea0e322eb2a5ab65"
